// !$*UTF8*$!
{
	archiveVersion = 1;
	classes = {
	};
	objectVersion = 50;
	objects = {

/* Begin PBXBuildFile section */
		F4D31F3123C76A22005F11E7 /* AppDelegate.swift in Sources */ = {isa = PBXBuildFile; fileRef = F4D31F3023C76A22005F11E7 /* AppDelegate.swift */; };
		F4D31F3323C76A22005F11E7 /* GameScene.sks in Resources */ = {isa = PBXBuildFile; fileRef = F4D31F3223C76A22005F11E7 /* GameScene.sks */; };
		F4D31F3523C76A22005F11E7 /* Actions.sks in Resources */ = {isa = PBXBuildFile; fileRef = F4D31F3423C76A22005F11E7 /* Actions.sks */; };
		F4D31F3723C76A22005F11E7 /* GameScene.swift in Sources */ = {isa = PBXBuildFile; fileRef = F4D31F3623C76A22005F11E7 /* GameScene.swift */; };
		F4D31F3923C76A22005F11E7 /* GameViewController.swift in Sources */ = {isa = PBXBuildFile; fileRef = F4D31F3823C76A22005F11E7 /* GameViewController.swift */; };
		F4D31F3C23C76A22005F11E7 /* Main.storyboard in Resources */ = {isa = PBXBuildFile; fileRef = F4D31F3A23C76A22005F11E7 /* Main.storyboard */; };
		F4D31F3E23C76A23005F11E7 /* Assets.xcassets in Resources */ = {isa = PBXBuildFile; fileRef = F4D31F3D23C76A23005F11E7 /* Assets.xcassets */; };
		F4D31F4123C76A23005F11E7 /* LaunchScreen.storyboard in Resources */ = {isa = PBXBuildFile; fileRef = F4D31F3F23C76A23005F11E7 /* LaunchScreen.storyboard */; };
/* End PBXBuildFile section */

/* Begin PBXFileReference section */
		F4D31F2D23C76A22005F11E7 /* ColorSwitchGame.app */ = {isa = PBXFileReference; explicitFileType = wrapper.application; includeInIndex = 0; path = ColorSwitchGame.app; sourceTree = BUILT_PRODUCTS_DIR; };
		F4D31F3023C76A22005F11E7 /* AppDelegate.swift */ = {isa = PBXFileReference; lastKnownFileType = sourcecode.swift; path = AppDelegate.swift; sourceTree = "<group>"; };
		F4D31F3223C76A22005F11E7 /* GameScene.sks */ = {isa = PBXFileReference; lastKnownFileType = file.sks; path = GameScene.sks; sourceTree = "<group>"; };
		F4D31F3423C76A22005F11E7 /* Actions.sks */ = {isa = PBXFileReference; lastKnownFileType = file.sks; path = Actions.sks; sourceTree = "<group>"; };
		F4D31F3623C76A22005F11E7 /* GameScene.swift */ = {isa = PBXFileReference; lastKnownFileType = sourcecode.swift; path = GameScene.swift; sourceTree = "<group>"; };
		F4D31F3823C76A22005F11E7 /* GameViewController.swift */ = {isa = PBXFileReference; lastKnownFileType = sourcecode.swift; path = GameViewController.swift; sourceTree = "<group>"; };
		F4D31F3B23C76A22005F11E7 /* Base */ = {isa = PBXFileReference; lastKnownFileType = file.storyboard; name = Base; path = Base.lproj/Main.storyboard; sourceTree = "<group>"; };
		F4D31F3D23C76A23005F11E7 /* Assets.xcassets */ = {isa = PBXFileReference; lastKnownFileType = folder.assetcatalog; path = Assets.xcassets; sourceTree = "<group>"; };
		F4D31F4023C76A23005F11E7 /* Base */ = {isa = PBXFileReference; lastKnownFileType = file.storyboard; name = Base; path = Base.lproj/LaunchScreen.storyboard; sourceTree = "<group>"; };
		F4D31F4223C76A23005F11E7 /* Info.plist */ = {isa = PBXFileReference; lastKnownFileType = text.plist.xml; path = Info.plist; sourceTree = "<group>"; };
/* End PBXFileReference section */

/* Begin PBXFrameworksBuildPhase section */
		F4D31F2A23C76A22005F11E7 /* Frameworks */ = {
			isa = PBXFrameworksBuildPhase;
			buildActionMask = 2147483647;
			files = (
			);
			runOnlyForDeploymentPostprocessing = 0;
		};
/* End PBXFrameworksBuildPhase section */

/* Begin PBXGroup section */
		F4D31F2423C76A21005F11E7 = {
			isa = PBXGroup;
			children = (
				F4D31F2F23C76A22005F11E7 /* ColorSwitchGame */,
				F4D31F2E23C76A22005F11E7 /* Products */,
			);
			sourceTree = "<group>";
		};
		F4D31F2E23C76A22005F11E7 /* Products */ = {
			isa = PBXGroup;
			children = (
				F4D31F2D23C76A22005F11E7 /* ColorSwitchGame.app */,
			);
			name = Products;
			sourceTree = "<group>";
		};
		F4D31F2F23C76A22005F11E7 /* ColorSwitchGame */ = {
			isa = PBXGroup;
			children = (
				F4D31F3023C76A22005F11E7 /* AppDelegate.swift */,
				F4D31F3223C76A22005F11E7 /* GameScene.sks */,
				F4D31F3423C76A22005F11E7 /* Actions.sks */,
				F4D31F3623C76A22005F11E7 /* GameScene.swift */,
				F4D31F3823C76A22005F11E7 /* GameViewController.swift */,
				F4D31F3A23C76A22005F11E7 /* Main.storyboard */,
				F4D31F3D23C76A23005F11E7 /* Assets.xcassets */,
				F4D31F3F23C76A23005F11E7 /* LaunchScreen.storyboard */,
				F4D31F4223C76A23005F11E7 /* Info.plist */,
			);
			path = ColorSwitchGame;
			sourceTree = "<group>";
		};
/* End PBXGroup section */

/* Begin PBXNativeTarget section */
		F4D31F2C23C76A22005F11E7 /* ColorSwitchGame */ = {
			isa = PBXNativeTarget;
			buildConfigurationList = F4D31F4523C76A23005F11E7 /* Build configuration list for PBXNativeTarget "ColorSwitchGame" */;
			buildPhases = (
				F4D31F2923C76A22005F11E7 /* Sources */,
				F4D31F2A23C76A22005F11E7 /* Frameworks */,
				F4D31F2B23C76A22005F11E7 /* Resources */,
			);
			buildRules = (
			);
			dependencies = (
			);
			name = ColorSwitchGame;
			productName = ColorSwitchGame;
			productReference = F4D31F2D23C76A22005F11E7 /* ColorSwitchGame.app */;
			productType = "com.apple.product-type.application";
		};
/* End PBXNativeTarget section */

/* Begin PBXProject section */
		F4D31F2523C76A22005F11E7 /* Project object */ = {
			isa = PBXProject;
			attributes = {
				LastSwiftUpdateCheck = 1100;
				LastUpgradeCheck = 1100;
				ORGANIZATIONNAME = "Julio Collado";
				TargetAttributes = {
					F4D31F2C23C76A22005F11E7 = {
						CreatedOnToolsVersion = 11.0;
					};
				};
			};
			buildConfigurationList = F4D31F2823C76A22005F11E7 /* Build configuration list for PBXProject "ColorSwitchGame" */;
			compatibilityVersion = "Xcode 9.3";
			developmentRegion = en;
			hasScannedForEncodings = 0;
			knownRegions = (
				en,
				Base,
			);
			mainGroup = F4D31F2423C76A21005F11E7;
			productRefGroup = F4D31F2E23C76A22005F11E7 /* Products */;
			projectDirPath = "";
			projectRoot = "";
			targets = (
				F4D31F2C23C76A22005F11E7 /* ColorSwitchGame */,
			);
		};
/* End PBXProject section */

/* Begin PBXResourcesBuildPhase section */
		F4D31F2B23C76A22005F11E7 /* Resources */ = {
			isa = PBXResourcesBuildPhase;
			buildActionMask = 2147483647;
			files = (
				F4D31F3C23C76A22005F11E7 /* Main.storyboard in Resources */,
				F4D31F3323C76A22005F11E7 /* GameScene.sks in Resources */,
				F4D31F3E23C76A23005F11E7 /* Assets.xcassets in Resources */,
				F4D31F4123C76A23005F11E7 /* LaunchScreen.storyboard in Resources */,
				F4D31F3523C76A22005F11E7 /* Actions.sks in Resources */,
			);
			runOnlyForDeploymentPostprocessing = 0;
		};
/* End PBXResourcesBuildPhase section */

/* Begin PBXSourcesBuildPhase section */
		F4D31F2923C76A22005F11E7 /* Sources */ = {
			isa = PBXSourcesBuildPhase;
			buildActionMask = 2147483647;
			files = (
				F4D31F3723C76A22005F11E7 /* GameScene.swift in Sources */,
				F4D31F3923C76A22005F11E7 /* GameViewController.swift in Sources */,
				F4D31F3123C76A22005F11E7 /* AppDelegate.swift in Sources */,
			);
			runOnlyForDeploymentPostprocessing = 0;
		};
/* End PBXSourcesBuildPhase section */

/* Begin PBXVariantGroup section */
		F4D31F3A23C76A22005F11E7 /* Main.storyboard */ = {
			isa = PBXVariantGroup;
			children = (
				F4D31F3B23C76A22005F11E7 /* Base */,
			);
			name = Main.storyboard;
			sourceTree = "<group>";
		};
		F4D31F3F23C76A23005F11E7 /* LaunchScreen.storyboard */ = {
			isa = PBXVariantGroup;
			children = (
				F4D31F4023C76A23005F11E7 /* Base */,
			);
			name = LaunchScreen.storyboard;
			sourceTree = "<group>";
		};
/* End PBXVariantGroup section */

/* Begin XCBuildConfiguration section */
		F4D31F4323C76A23005F11E7 /* Debug */ = {
			isa = XCBuildConfiguration;
			buildSettings = {
				ALWAYS_SEARCH_USER_PATHS = NO;
				CLANG_ANALYZER_NONNULL = YES;
				CLANG_ANALYZER_NUMBER_OBJECT_CONVERSION = YES_AGGRESSIVE;
				CLANG_CXX_LANGUAGE_STANDARD = "gnu++14";
				CLANG_CXX_LIBRARY = "libc++";
				CLANG_ENABLE_MODULES = YES;
				CLANG_ENABLE_OBJC_ARC = YES;
				CLANG_ENABLE_OBJC_WEAK = YES;
				CLANG_WARN_BLOCK_CAPTURE_AUTORELEASING = YES;
				CLANG_WARN_BOOL_CONVERSION = YES;
				CLANG_WARN_COMMA = YES;
				CLANG_WARN_CONSTANT_CONVERSION = YES;
				CLANG_WARN_DEPRECATED_OBJC_IMPLEMENTATIONS = YES;
				CLANG_WARN_DIRECT_OBJC_ISA_USAGE = YES_ERROR;
				CLANG_WARN_DOCUMENTATION_COMMENTS = YES;
				CLANG_WARN_EMPTY_BODY = YES;
				CLANG_WARN_ENUM_CONVERSION = YES;
				CLANG_WARN_INFINITE_RECURSION = YES;
				CLANG_WARN_INT_CONVERSION = YES;
				CLANG_WARN_NON_LITERAL_NULL_CONVERSION = YES;
				CLANG_WARN_OBJC_IMPLICIT_RETAIN_SELF = YES;
				CLANG_WARN_OBJC_LITERAL_CONVERSION = YES;
				CLANG_WARN_OBJC_ROOT_CLASS = YES_ERROR;
				CLANG_WARN_RANGE_LOOP_ANALYSIS = YES;
				CLANG_WARN_STRICT_PROTOTYPES = YES;
				CLANG_WARN_SUSPICIOUS_MOVE = YES;
				CLANG_WARN_UNGUARDED_AVAILABILITY = YES_AGGRESSIVE;
				CLANG_WARN_UNREACHABLE_CODE = YES;
				CLANG_WARN__DUPLICATE_METHOD_MATCH = YES;
				COPY_PHASE_STRIP = NO;
				DEBUG_INFORMATION_FORMAT = dwarf;
				ENABLE_STRICT_OBJC_MSGSEND = YES;
				ENABLE_TESTABILITY = YES;
				GCC_C_LANGUAGE_STANDARD = gnu11;
				GCC_DYNAMIC_NO_PIC = NO;
				GCC_NO_COMMON_BLOCKS = YES;
				GCC_OPTIMIZATION_LEVEL = 0;
				GCC_PREPROCESSOR_DEFINITIONS = (
					"DEBUG=1",
					"$(inherited)",
				);
				GCC_WARN_64_TO_32_BIT_CONVERSION = YES;
				GCC_WARN_ABOUT_RETURN_TYPE = YES_ERROR;
				GCC_WARN_UNDECLARED_SELECTOR = YES;
				GCC_WARN_UNINITIALIZED_AUTOS = YES_AGGRESSIVE;
				GCC_WARN_UNUSED_FUNCTION = YES;
				GCC_WARN_UNUSED_VARIABLE = YES;
				IPHONEOS_DEPLOYMENT_TARGET = 13.0;
				MTL_ENABLE_DEBUG_INFO = INCLUDE_SOURCE;
				MTL_FAST_MATH = YES;
				ONLY_ACTIVE_ARCH = YES;
				SDKROOT = iphoneos;
				SWIFT_ACTIVE_COMPILATION_CONDITIONS = DEBUG;
				SWIFT_OPTIMIZATION_LEVEL = "-Onone";
			};
			name = Debug;
		};
		F4D31F4423C76A23005F11E7 /* Release */ = {
			isa = XCBuildConfiguration;
			buildSettings = {
				ALWAYS_SEARCH_USER_PATHS = NO;
				CLANG_ANALYZER_NONNULL = YES;
				CLANG_ANALYZER_NUMBER_OBJECT_CONVERSION = YES_AGGRESSIVE;
				CLANG_CXX_LANGUAGE_STANDARD = "gnu++14";
				CLANG_CXX_LIBRARY = "libc++";
				CLANG_ENABLE_MODULES = YES;
				CLANG_ENABLE_OBJC_ARC = YES;
				CLANG_ENABLE_OBJC_WEAK = YES;
				CLANG_WARN_BLOCK_CAPTURE_AUTORELEASING = YES;
				CLANG_WARN_BOOL_CONVERSION = YES;
				CLANG_WARN_COMMA = YES;
				CLANG_WARN_CONSTANT_CONVERSION = YES;
				CLANG_WARN_DEPRECATED_OBJC_IMPLEMENTATIONS = YES;
				CLANG_WARN_DIRECT_OBJC_ISA_USAGE = YES_ERROR;
				CLANG_WARN_DOCUMENTATION_COMMENTS = YES;
				CLANG_WARN_EMPTY_BODY = YES;
				CLANG_WARN_ENUM_CONVERSION = YES;
				CLANG_WARN_INFINITE_RECURSION = YES;
				CLANG_WARN_INT_CONVERSION = YES;
				CLANG_WARN_NON_LITERAL_NULL_CONVERSION = YES;
				CLANG_WARN_OBJC_IMPLICIT_RETAIN_SELF = YES;
				CLANG_WARN_OBJC_LITERAL_CONVERSION = YES;
				CLANG_WARN_OBJC_ROOT_CLASS = YES_ERROR;
				CLANG_WARN_RANGE_LOOP_ANALYSIS = YES;
				CLANG_WARN_STRICT_PROTOTYPES = YES;
				CLANG_WARN_SUSPICIOUS_MOVE = YES;
				CLANG_WARN_UNGUARDED_AVAILABILITY = YES_AGGRESSIVE;
				CLANG_WARN_UNREACHABLE_CODE = YES;
				CLANG_WARN__DUPLICATE_METHOD_MATCH = YES;
				COPY_PHASE_STRIP = NO;
				DEBUG_INFORMATION_FORMAT = "dwarf-with-dsym";
				ENABLE_NS_ASSERTIONS = NO;
				ENABLE_STRICT_OBJC_MSGSEND = YES;
				GCC_C_LANGUAGE_STANDARD = gnu11;
				GCC_NO_COMMON_BLOCKS = YES;
				GCC_WARN_64_TO_32_BIT_CONVERSION = YES;
				GCC_WARN_ABOUT_RETURN_TYPE = YES_ERROR;
				GCC_WARN_UNDECLARED_SELECTOR = YES;
				GCC_WARN_UNINITIALIZED_AUTOS = YES_AGGRESSIVE;
				GCC_WARN_UNUSED_FUNCTION = YES;
				GCC_WARN_UNUSED_VARIABLE = YES;
				IPHONEOS_DEPLOYMENT_TARGET = 13.0;
				MTL_ENABLE_DEBUG_INFO = NO;
				MTL_FAST_MATH = YES;
				SDKROOT = iphoneos;
				SWIFT_COMPILATION_MODE = wholemodule;
				SWIFT_OPTIMIZATION_LEVEL = "-O";
				VALIDATE_PRODUCT = YES;
			};
			name = Release;
		};
		F4D31F4623C76A23005F11E7 /* Debug */ = {
			isa = XCBuildConfiguration;
			buildSettings = {
				ASSETCATALOG_COMPILER_APPICON_NAME = AppIcon;
				CODE_SIGN_STYLE = Automatic;
				DEVELOPMENT_TEAM = SN83FZJ9R5;
				INFOPLIST_FILE = ColorSwitchGame/Info.plist;
				LD_RUNPATH_SEARCH_PATHS = (
					"$(inherited)",
					"@executable_path/Frameworks",
				);
				PRODUCT_BUNDLE_IDENTIFIER = com.jcollado.ColorSwitchGame;
				PRODUCT_NAME = "$(TARGET_NAME)";
				SWIFT_VERSION = 5.0;
				TARGETED_DEVICE_FAMILY = "1,2";
			};
			name = Debug;
		};
		F4D31F4723C76A23005F11E7 /* Release */ = {
			isa = XCBuildConfiguration;
			buildSettings = {
				ASSETCATALOG_COMPILER_APPICON_NAME = AppIcon;
				CODE_SIGN_STYLE = Automatic;
				DEVELOPMENT_TEAM = SN83FZJ9R5;
				INFOPLIST_FILE = ColorSwitchGame/Info.plist;
				LD_RUNPATH_SEARCH_PATHS = (
					"$(inherited)",
					"@executable_path/Frameworks",
				);
				PRODUCT_BUNDLE_IDENTIFIER = com.jcollado.ColorSwitchGame;
				PRODUCT_NAME = "$(TARGET_NAME)";
				SWIFT_VERSION = 5.0;
				TARGETED_DEVICE_FAMILY = "1,2";
			};
			name = Release;
		};
/* End XCBuildConfiguration section */

/* Begin XCConfigurationList section */
		F4D31F2823C76A22005F11E7 /* Build configuration list for PBXProject "ColorSwitchGame" */ = {
			isa = XCConfigurationList;
			buildConfigurations = (
				F4D31F4323C76A23005F11E7 /* Debug */,
				F4D31F4423C76A23005F11E7 /* Release */,
			);
			defaultConfigurationIsVisible = 0;
			defaultConfigurationName = Release;
		};
		F4D31F4523C76A23005F11E7 /* Build configuration list for PBXNativeTarget "ColorSwitchGame" */ = {
			isa = XCConfigurationList;
			buildConfigurations = (
				F4D31F4623C76A23005F11E7 /* Debug */,
				F4D31F4723C76A23005F11E7 /* Release */,
			);
			defaultConfigurationIsVisible = 0;
			defaultConfigurationName = Release;
		};
/* End XCConfigurationList section */
	};
	rootObject = F4D31F2523C76A22005F11E7 /* Project object */;
}
